
Microsoft Visual Studio Solution File, Format Version 12.00
# Visual Studio Version 17
VisualStudioVersion = 17.8.34525.116
MinimumVisualStudioVersion = 10.0.40219.1
Project("{9A19103F-16F7-4668-BE54-9A1E7A4F7556}") = "ParkingManagement.WebAPI", "ParkingManagement.WebAPI.csproj", "{BA5F4443-27BF-4A44-9F23-4238943875E3}"
EndProject
Project("{9A19103F-16F7-4668-BE54-9A1E7A4F7556}") = "ParkingManagement.BL", "..\ParkingManagement.BL\ParkingManagement.BL.csproj", "{B21042BB-1CBB-41A4-8E65-738D91B3A7F9}"
EndProject
Project("{9A19103F-16F7-4668-BE54-9A1E7A4F7556}") = "ParkingManagement.Models", "..\ParkingManagement.Models\ParkingManagement.Models.csproj", "{6BD13D30-1C8E-4D0D-B1E5-3E3057C642E6}"
EndProject
Project("{9A19103F-16F7-4668-BE54-9A1E7A4F7556}") = "ParkingManagement.Utils", "..\ParkingManagement.Utils\ParkingManagement.Utils.csproj", "{B72ECEAC-D069-4644-9173-D000D1A0B4EA}"
EndProject
Project("{9A19103F-16F7-4668-BE54-9A1E7A4F7556}") = "ParkingManagement.DAL", "..\ParkingManagement.DAL\ParkingManagement.DAL.csproj", "{F5B514C6-D319-4BF8-AF4A-CEE6D33DD1CE}"
EndProject
Project("{FAE04EC0-301F-11D3-BF4B-00C04F79EFBC}") = "ParkingManagement.Test", "..\ParkingManagement.Test\ParkingManagement.Test.csproj", "{F91CE5B0-36F9-46D2-B393-129836DF6CD1}"
EndProject
Global
	GlobalSection(SolutionConfigurationPlatforms) = preSolution
		Debug|Any CPU = Debug|Any CPU
		Release|Any CPU = Release|Any CPU
	EndGlobalSection
	GlobalSection(ProjectConfigurationPlatforms) = postSolution
		{BA5F4443-27BF-4A44-9F23-4238943875E3}.Debug|Any CPU.ActiveCfg = Debug|Any CPU
		{BA5F4443-27BF-4A44-9F23-4238943875E3}.Debug|Any CPU.Build.0 = Debug|Any CPU
		{BA5F4443-27BF-4A44-9F23-4238943875E3}.Release|Any CPU.ActiveCfg = Release|Any CPU
		{BA5F4443-27BF-4A44-9F23-4238943875E3}.Release|Any CPU.Build.0 = Release|Any CPU
		{B21042BB-1CBB-41A4-8E65-738D91B3A7F9}.Debug|Any CPU.ActiveCfg = Debug|Any CPU
		{B21042BB-1CBB-41A4-8E65-738D91B3A7F9}.Debug|Any CPU.Build.0 = Debug|Any CPU
		{B21042BB-1CBB-41A4-8E65-738D91B3A7F9}.Release|Any CPU.ActiveCfg = Release|Any CPU
		{B21042BB-1CBB-41A4-8E65-738D91B3A7F9}.Release|Any CPU.Build.0 = Release|Any CPU
		{6BD13D30-1C8E-4D0D-B1E5-3E3057C642E6}.Debug|Any CPU.ActiveCfg = Debug|Any CPU
		{6BD13D30-1C8E-4D0D-B1E5-3E3057C642E6}.Debug|Any CPU.Build.0 = Debug|Any CPU
		{6BD13D30-1C8E-4D0D-B1E5-3E3057C642E6}.Release|Any CPU.ActiveCfg = Release|Any CPU
		{6BD13D30-1C8E-4D0D-B1E5-3E3057C642E6}.Release|Any CPU.Build.0 = Release|Any CPU
		{B72ECEAC-D069-4644-9173-D000D1A0B4EA}.Debug|Any CPU.ActiveCfg = Debug|Any CPU
		{B72ECEAC-D069-4644-9173-D000D1A0B4EA}.Debug|Any CPU.Build.0 = Debug|Any CPU
		{B72ECEAC-D069-4644-9173-D000D1A0B4EA}.Release|Any CPU.ActiveCfg = Release|Any CPU
		{B72ECEAC-D069-4644-9173-D000D1A0B4EA}.Release|Any CPU.Build.0 = Release|Any CPU
		{F5B514C6-D319-4BF8-AF4A-CEE6D33DD1CE}.Debug|Any CPU.ActiveCfg = Debug|Any CPU
		{F5B514C6-D319-4BF8-AF4A-CEE6D33DD1CE}.Debug|Any CPU.Build.0 = Debug|Any CPU
		{F5B514C6-D319-4BF8-AF4A-CEE6D33DD1CE}.Release|Any CPU.ActiveCfg = Release|Any CPU
		{F5B514C6-D319-4BF8-AF4A-CEE6D33DD1CE}.Release|Any CPU.Build.0 = Release|Any CPU
		{F91CE5B0-36F9-46D2-B393-129836DF6CD1}.Debug|Any CPU.ActiveCfg = Debug|Any CPU
		{F91CE5B0-36F9-46D2-B393-129836DF6CD1}.Debug|Any CPU.Build.0 = Debug|Any CPU
		{F91CE5B0-36F9-46D2-B393-129836DF6CD1}.Release|Any CPU.ActiveCfg = Release|Any CPU
		{F91CE5B0-36F9-46D2-B393-129836DF6CD1}.Release|Any CPU.Build.0 = Release|Any CPU
	EndGlobalSection
	GlobalSection(SolutionProperties) = preSolution
		HideSolutionNode = FALSE
	EndGlobalSection
	GlobalSection(ExtensibilityGlobals) = postSolution
		SolutionGuid = {0F67D607-0B33-44A6-99B9-6F33F3BA2AD6}
	EndGlobalSection
EndGlobal
